
Microsoft Visual Studio Solution File, Format Version 12.00
# Visual Studio Version 17
VisualStudioVersion = 17.1.32228.430
MinimumVisualStudioVersion = 10.0.40219.1
Project("{9A19103F-16F7-4668-BE54-9A1E7A4F7556}") = "BP.Server", "BP\Server\BP.Server.csproj", "{3F4E4B88-9154-416D-A11F-514AB7C4E73B}"
EndProject
Project("{9A19103F-16F7-4668-BE54-9A1E7A4F7556}") = "BP.Client", "BP\Client\BP.Client.csproj", "{F11F9FEC-D369-41DF-B910-2B5835E7F7C8}"
EndProject
Project("{9A19103F-16F7-4668-BE54-9A1E7A4F7556}") = "BP.Shared", "BP\Shared\BP.Shared.csproj", "{51D7B822-16ED-4E26-AAAA-68D3E460BDD5}"
EndProject
Global
	GlobalSection(SolutionConfigurationPlatforms) = preSolution
		Debug|Any CPU = Debug|Any CPU
		Release|Any CPU = Release|Any CPU
	EndGlobalSection
	GlobalSection(ProjectConfigurationPlatforms) = postSolution
		{3F4E4B88-9154-416D-A11F-514AB7C4E73B}.Debug|Any CPU.ActiveCfg = Debug|Any CPU
		{3F4E4B88-9154-416D-A11F-514AB7C4E73B}.Debug|Any CPU.Build.0 = Debug|Any CPU
		{3F4E4B88-9154-416D-A11F-514AB7C4E73B}.Release|Any CPU.ActiveCfg = Release|Any CPU
		{3F4E4B88-9154-416D-A11F-514AB7C4E73B}.Release|Any CPU.Build.0 = Release|Any CPU
		{F11F9FEC-D369-41DF-B910-2B5835E7F7C8}.Debug|Any CPU.ActiveCfg = Debug|Any CPU
		{F11F9FEC-D369-41DF-B910-2B5835E7F7C8}.Debug|Any CPU.Build.0 = Debug|Any CPU
		{F11F9FEC-D369-41DF-B910-2B5835E7F7C8}.Release|Any CPU.ActiveCfg = Release|Any CPU
		{F11F9FEC-D369-41DF-B910-2B5835E7F7C8}.Release|Any CPU.Build.0 = Release|Any CPU
		{51D7B822-16ED-4E26-AAAA-68D3E460BDD5}.Debug|Any CPU.ActiveCfg = Debug|Any CPU
		{51D7B822-16ED-4E26-AAAA-68D3E460BDD5}.Debug|Any CPU.Build.0 = Debug|Any CPU
		{51D7B822-16ED-4E26-AAAA-68D3E460BDD5}.Release|Any CPU.ActiveCfg = Release|Any CPU
		{51D7B822-16ED-4E26-AAAA-68D3E460BDD5}.Release|Any CPU.Build.0 = Release|Any CPU
	EndGlobalSection
	GlobalSection(SolutionProperties) = preSolution
		HideSolutionNode = FALSE
	EndGlobalSection
	GlobalSection(ExtensibilityGlobals) = postSolution
		SolutionGuid = {C2C8681B-D41F-4F45-B341-621EEAC6D4DE}
	EndGlobalSection
EndGlobal
